
Microsoft Visual Studio Solution File, Format Version 12.00
# Visual Studio 2013
VisualStudioVersion = 12.0.30723.0
MinimumVisualStudioVersion = 10.0.40219.1
Project("{E24C65DC-7377-472B-9ABA-BC803B73C61A}") = "d3cn.github.io", "http://localhost:5409", "{650FF39F-CC77-4046-AE80-2C5ED76F7364}"
	ProjectSection(WebsiteProperties) = preProject
		UseIISExpress = "true"
		TargetFrameworkMoniker = ".NETFramework,Version%3Dv4.0"
		Debug.AspNetCompiler.VirtualPath = "/localhost_5409"
		Debug.AspNetCompiler.PhysicalPath = "..\d3cn.github.io\"
		Debug.AspNetCompiler.TargetPath = "PrecompiledWeb\localhost_5409\"
		Debug.AspNetCompiler.Updateable = "true"
		Debug.AspNetCompiler.ForceOverwrite = "true"
		Debug.AspNetCompiler.FixedNames = "false"
		Debug.AspNetCompiler.Debug = "True"
		Release.AspNetCompiler.VirtualPath = "/localhost_5409"
		Release.AspNetCompiler.PhysicalPath = "..\d3cn.github.io\"
		Release.AspNetCompiler.TargetPath = "PrecompiledWeb\localhost_5409\"
		Release.AspNetCompiler.Updateable = "true"
		Release.AspNetCompiler.ForceOverwrite = "true"
		Release.AspNetCompiler.FixedNames = "false"
		Release.AspNetCompiler.Debug = "False"
		SlnRelativePath = "..\d3cn.github.io\"
	EndProjectSection
EndProject
Global
	GlobalSection(SolutionConfigurationPlatforms) = preSolution
		Debug|Any CPU = Debug|Any CPU
	EndGlobalSection
	GlobalSection(ProjectConfigurationPlatforms) = postSolution
		{650FF39F-CC77-4046-AE80-2C5ED76F7364}.Debug|Any CPU.ActiveCfg = Debug|Any CPU
		{650FF39F-CC77-4046-AE80-2C5ED76F7364}.Debug|Any CPU.Build.0 = Debug|Any CPU
	EndGlobalSection
	GlobalSection(SolutionProperties) = preSolution
		HideSolutionNode = FALSE
	EndGlobalSection
EndGlobal
